
Microsoft Visual Studio Solution File, Format Version 12.00
# Visual Studio Version 17
VisualStudioVersion = 17.9.34622.214
MinimumVisualStudioVersion = 10.0.40219.1
Project("{FAE04EC0-301F-11D3-BF4B-00C04F79EFBC}") = "DemoApp", "DemoApp\DemoApp.csproj", "{2E2442F5-81C5-4977-8393-4117BDD2EBF2}"
EndProject
Project("{FAE04EC0-301F-11D3-BF4B-00C04F79EFBC}") = "DataviewDemo", "DataviewDemo\DataviewDemo.csproj", "{52D17741-877F-4984-8D51-7D29FFAC73C8}"
EndProject
Project("{FAE04EC0-301F-11D3-BF4B-00C04F79EFBC}") = "ServerControl", "ServerControl\ServerControl.csproj", "{5637D72A-EF17-4A1C-A8C9-CC4011D0777F}"
EndProject
Global
	GlobalSection(SolutionConfigurationPlatforms) = preSolution
		Debug|Any CPU = Debug|Any CPU
		Release|Any CPU = Release|Any CPU
	EndGlobalSection
	GlobalSection(ProjectConfigurationPlatforms) = postSolution
		{2E2442F5-81C5-4977-8393-4117BDD2EBF2}.Debug|Any CPU.ActiveCfg = Debug|Any CPU
		{2E2442F5-81C5-4977-8393-4117BDD2EBF2}.Debug|Any CPU.Build.0 = Debug|Any CPU
		{2E2442F5-81C5-4977-8393-4117BDD2EBF2}.Release|Any CPU.ActiveCfg = Release|Any CPU
		{2E2442F5-81C5-4977-8393-4117BDD2EBF2}.Release|Any CPU.Build.0 = Release|Any CPU
		{52D17741-877F-4984-8D51-7D29FFAC73C8}.Debug|Any CPU.ActiveCfg = Debug|Any CPU
		{52D17741-877F-4984-8D51-7D29FFAC73C8}.Debug|Any CPU.Build.0 = Debug|Any CPU
		{52D17741-877F-4984-8D51-7D29FFAC73C8}.Release|Any CPU.ActiveCfg = Release|Any CPU
		{52D17741-877F-4984-8D51-7D29FFAC73C8}.Release|Any CPU.Build.0 = Release|Any CPU
		{5637D72A-EF17-4A1C-A8C9-CC4011D0777F}.Debug|Any CPU.ActiveCfg = Debug|Any CPU
		{5637D72A-EF17-4A1C-A8C9-CC4011D0777F}.Debug|Any CPU.Build.0 = Debug|Any CPU
		{5637D72A-EF17-4A1C-A8C9-CC4011D0777F}.Release|Any CPU.ActiveCfg = Release|Any CPU
		{5637D72A-EF17-4A1C-A8C9-CC4011D0777F}.Release|Any CPU.Build.0 = Release|Any CPU
	EndGlobalSection
	GlobalSection(SolutionProperties) = preSolution
		HideSolutionNode = FALSE
	EndGlobalSection
	GlobalSection(ExtensibilityGlobals) = postSolution
		SolutionGuid = {7E28151D-C8C6-4048-AEB0-27C73F3B96A6}
	EndGlobalSection
EndGlobal
